
Microsoft Visual Studio Solution File, Format Version 12.00
# Visual Studio Version 17
VisualStudioVersion = 17.14.36414.22
MinimumVisualStudioVersion = 10.0.40219.1
Project("{2150E333-8FDC-42A3-9474-1A3956D46DE8}") = "Services", "Services", "{02EA681E-C7D8-13C7-8484-4AC65E1B71E8}"
EndProject
Project("{2150E333-8FDC-42A3-9474-1A3956D46DE8}") = "Catalog", "Catalog", "{24DDDBBB-A4DE-4BFB-B703-61286E17999B}"
EndProject
Project("{2150E333-8FDC-42A3-9474-1A3956D46DE8}") = "Solution Items", "Solution Items", "{8EC462FD-D22E-90A8-E5CE-7E832BA40C5D}"
	ProjectSection(SolutionItems) = preProject
		README.md = README.md
	EndProjectSection
EndProject
Project("{FAE04EC0-301F-11D3-BF4B-00C04F79EFBC}") = "Libra.Catalog", "Services\Catalog\Libra.Catalog\Libra.Catalog.csproj", "{04FE536B-1581-08A7-A215-9932DF538A81}"
EndProject
Project("{2150E333-8FDC-42A3-9474-1A3956D46DE8}") = "Discount", "Discount", "{3B5F82A7-8E50-4B62-A0D9-1C72BE2CCEBF}"
EndProject
Project("{FAE04EC0-301F-11D3-BF4B-00C04F79EFBC}") = "Libra.Discount", "Services\Discount\Libra.Discount\Libra.Discount.csproj", "{1C97049B-FCA5-43C3-81E0-E5F4F0F8F1AA}"
EndProject
Project("{2150E333-8FDC-42A3-9474-1A3956D46DE8}") = "Order", "Order", "{92A6A53F-A289-42CE-B78F-A10DBDF6F4EB}"
EndProject
Project("{2150E333-8FDC-42A3-9474-1A3956D46DE8}") = "Core", "Core", "{F52CDFB7-B315-4164-89F4-897D450C45DD}"
EndProject
Project("{2150E333-8FDC-42A3-9474-1A3956D46DE8}") = "Infastructure", "Infastructure", "{3243A010-526A-4B3D-B4DA-A4F17392E979}"
EndProject
Project("{2150E333-8FDC-42A3-9474-1A3956D46DE8}") = "Presentation", "Presentation", "{D42C9356-AC59-4691-BFC4-DFB43B2B539D}"
EndProject
Project("{FAE04EC0-301F-11D3-BF4B-00C04F79EFBC}") = "Libra.Order.Application", "Services\Order\Core\Libra.Order.Application\Libra.Order.Application.csproj", "{30EE0547-D7DE-45BB-8C2F-404DC27AEA9B}"
EndProject
Project("{FAE04EC0-301F-11D3-BF4B-00C04F79EFBC}") = "Libra.Order.Domain", "Services\Order\Core\Libra.Order.Domain\Libra.Order.Domain.csproj", "{A285051A-F3EF-4F92-BF74-17C7A03CEE92}"
EndProject
Project("{FAE04EC0-301F-11D3-BF4B-00C04F79EFBC}") = "Libra.Order.Presistance", "Libra.Order.Presistance\Libra.Order.Presistance.csproj", "{6DC91DB3-E579-49ED-8679-CE2D8E0B6461}"
EndProject
Project("{FAE04EC0-301F-11D3-BF4B-00C04F79EFBC}") = "Libra.Order.WebApi", "Services\Order\Presentation\Libra.Order.WebApi\Libra.Order.WebApi.csproj", "{0ABD127E-762A-4438-A1AF-50734B5AC131}"
EndProject
Global
	GlobalSection(SolutionConfigurationPlatforms) = preSolution
		Debug|Any CPU = Debug|Any CPU
		Release|Any CPU = Release|Any CPU
	EndGlobalSection
	GlobalSection(ProjectConfigurationPlatforms) = postSolution
		{04FE536B-1581-08A7-A215-9932DF538A81}.Debug|Any CPU.ActiveCfg = Debug|Any CPU
		{04FE536B-1581-08A7-A215-9932DF538A81}.Debug|Any CPU.Build.0 = Debug|Any CPU
		{04FE536B-1581-08A7-A215-9932DF538A81}.Release|Any CPU.ActiveCfg = Release|Any CPU
		{04FE536B-1581-08A7-A215-9932DF538A81}.Release|Any CPU.Build.0 = Release|Any CPU
		{1C97049B-FCA5-43C3-81E0-E5F4F0F8F1AA}.Debug|Any CPU.ActiveCfg = Debug|Any CPU
		{1C97049B-FCA5-43C3-81E0-E5F4F0F8F1AA}.Debug|Any CPU.Build.0 = Debug|Any CPU
		{1C97049B-FCA5-43C3-81E0-E5F4F0F8F1AA}.Release|Any CPU.ActiveCfg = Release|Any CPU
		{1C97049B-FCA5-43C3-81E0-E5F4F0F8F1AA}.Release|Any CPU.Build.0 = Release|Any CPU
		{30EE0547-D7DE-45BB-8C2F-404DC27AEA9B}.Debug|Any CPU.ActiveCfg = Debug|Any CPU
		{30EE0547-D7DE-45BB-8C2F-404DC27AEA9B}.Debug|Any CPU.Build.0 = Debug|Any CPU
		{30EE0547-D7DE-45BB-8C2F-404DC27AEA9B}.Release|Any CPU.ActiveCfg = Release|Any CPU
		{30EE0547-D7DE-45BB-8C2F-404DC27AEA9B}.Release|Any CPU.Build.0 = Release|Any CPU
		{A285051A-F3EF-4F92-BF74-17C7A03CEE92}.Debug|Any CPU.ActiveCfg = Debug|Any CPU
		{A285051A-F3EF-4F92-BF74-17C7A03CEE92}.Debug|Any CPU.Build.0 = Debug|Any CPU
		{A285051A-F3EF-4F92-BF74-17C7A03CEE92}.Release|Any CPU.ActiveCfg = Release|Any CPU
		{A285051A-F3EF-4F92-BF74-17C7A03CEE92}.Release|Any CPU.Build.0 = Release|Any CPU
		{6DC91DB3-E579-49ED-8679-CE2D8E0B6461}.Debug|Any CPU.ActiveCfg = Debug|Any CPU
		{6DC91DB3-E579-49ED-8679-CE2D8E0B6461}.Debug|Any CPU.Build.0 = Debug|Any CPU
		{6DC91DB3-E579-49ED-8679-CE2D8E0B6461}.Release|Any CPU.ActiveCfg = Release|Any CPU
		{6DC91DB3-E579-49ED-8679-CE2D8E0B6461}.Release|Any CPU.Build.0 = Release|Any CPU
		{0ABD127E-762A-4438-A1AF-50734B5AC131}.Debug|Any CPU.ActiveCfg = Debug|Any CPU
		{0ABD127E-762A-4438-A1AF-50734B5AC131}.Debug|Any CPU.Build.0 = Debug|Any CPU
		{0ABD127E-762A-4438-A1AF-50734B5AC131}.Release|Any CPU.ActiveCfg = Release|Any CPU
		{0ABD127E-762A-4438-A1AF-50734B5AC131}.Release|Any CPU.Build.0 = Release|Any CPU
	EndGlobalSection
	GlobalSection(SolutionProperties) = preSolution
		HideSolutionNode = FALSE
	EndGlobalSection
	GlobalSection(NestedProjects) = preSolution
		{24DDDBBB-A4DE-4BFB-B703-61286E17999B} = {02EA681E-C7D8-13C7-8484-4AC65E1B71E8}
		{04FE536B-1581-08A7-A215-9932DF538A81} = {24DDDBBB-A4DE-4BFB-B703-61286E17999B}
		{3B5F82A7-8E50-4B62-A0D9-1C72BE2CCEBF} = {02EA681E-C7D8-13C7-8484-4AC65E1B71E8}
		{1C97049B-FCA5-43C3-81E0-E5F4F0F8F1AA} = {3B5F82A7-8E50-4B62-A0D9-1C72BE2CCEBF}
		{92A6A53F-A289-42CE-B78F-A10DBDF6F4EB} = {02EA681E-C7D8-13C7-8484-4AC65E1B71E8}
		{F52CDFB7-B315-4164-89F4-897D450C45DD} = {92A6A53F-A289-42CE-B78F-A10DBDF6F4EB}
		{3243A010-526A-4B3D-B4DA-A4F17392E979} = {92A6A53F-A289-42CE-B78F-A10DBDF6F4EB}
		{D42C9356-AC59-4691-BFC4-DFB43B2B539D} = {92A6A53F-A289-42CE-B78F-A10DBDF6F4EB}
		{30EE0547-D7DE-45BB-8C2F-404DC27AEA9B} = {F52CDFB7-B315-4164-89F4-897D450C45DD}
		{A285051A-F3EF-4F92-BF74-17C7A03CEE92} = {F52CDFB7-B315-4164-89F4-897D450C45DD}
		{6DC91DB3-E579-49ED-8679-CE2D8E0B6461} = {3243A010-526A-4B3D-B4DA-A4F17392E979}
		{0ABD127E-762A-4438-A1AF-50734B5AC131} = {D42C9356-AC59-4691-BFC4-DFB43B2B539D}
	EndGlobalSection
	GlobalSection(ExtensibilityGlobals) = postSolution
		SolutionGuid = {5959C77B-C25B-4BE2-AC5B-A4F6F6463778}
	EndGlobalSection
EndGlobal
